PODS:
  - audioplayers_darwin (0.0.1):
    - Flutter
    - FlutterMacOS
  - Firebase/CoreOnly (12.17.0):
    - FirebaseCore (~> 12.17.0)
  - Firebase/Storage (12.17.0):
    - Firebase/CoreOnly
    - FirebaseStorage (~> 12.17.0)
  - firebase_core (4.13.0):
    - Firebase/CoreOnly (= 12.17.0)
    - Flutter
  - firebase_storage (13.4.6):
    - Firebase/Storage (= 12.17.0)
    - firebase_core
    - Flutter
  - FirebaseAppCheckInterop (12.17.0)
  - FirebaseAuthInterop (12.17.0)
  - FirebaseCore (12.17.0):
    - FirebaseCoreInternal (~> 12.17.0)
    - GoogleUtilities/Environment (~> 8.1)
    - GoogleUtilities/Logger (~> 8.1)
  - FirebaseCoreExtension (12.17.0):
    - FirebaseCore (~> 12.17.0)
  - FirebaseCoreInternal (12.17.0):
    - "GoogleUtilities/NSData+zlib (~> 8.1)"
  - FirebaseStorage (12.17.0):
    - FirebaseAppCheckInterop (~> 12.17.0)
    - FirebaseAuthInterop (~> 12.17.0)
    - FirebaseCore (~> 12.17.0)
    - FirebaseCoreExtension (~> 12.17.0)
    - GoogleUtilities/Environment (~> 8.1)
    - GTMSessionFetcher/Core (< 6.0, >= 3.4)
  - Flutter (1.0.0)
  - GoogleUtilities/Environment (8.1.2):
    - GoogleUtilities/Privacy
  - GoogleUtilities/Logger (8.1.2):
    - GoogleUtilities/Environment
    - GoogleUtilities/Privacy
  - "GoogleUtilities/NSData+zlib (8.1.2)":
    - GoogleUtilities/Privacy
  - GoogleUtilities/Privacy (8.1.2)
  - GTMSessionFetcher/Core (5.3.1)

DEPENDENCIES:
  - audioplayers_darwin (from `.symlinks/plugins/audioplayers_darwin/darwin`)
  - firebase_core (from `.symlinks/plugins/firebase_core/ios`)
  - firebase_storage (from `.symlinks/plugins/firebase_storage/ios`)
  - Flutter (from `Flutter`)

SPEC REPOS:
  trunk:
    - Firebase
    - FirebaseAppCheckInterop
    - FirebaseAuthInterop
    - FirebaseCore
    - FirebaseCoreExtension
    - FirebaseCoreInternal
    - FirebaseStorage
    - GoogleUtilities
    - GTMSessionFetcher

EXTERNAL SOURCES:
  audioplayers_darwin:
    :path: ".symlinks/plugins/audioplayers_darwin/darwin"
  firebase_core:
    :path: ".symlinks/plugins/firebase_core/ios"
  firebase_storage:
    :path: ".symlinks/plugins/firebase_storage/ios"
  Flutter:
    :path: Flutter

SPEC CHECKSUMS:
  audioplayers_darwin: f15e209a3e856d1a7edcf98dc029f484fead2242
  Firebase: e8400c058702940d53f31fc0653e4e7a06332326
  firebase_core: ed4af79ed27e2ce1b00d110a13d53dd27ce3cf8a
  firebase_storage: 66ea8987b7893085e940869231242c2665205e16
  FirebaseAppCheckInterop: 6d4cd7b9df8047da8cfc98c3fef4618bab2a8e0d
  FirebaseAuthInterop: 1679f5a45921270225b7eabf1ad4ebff8790fe82
  FirebaseCore: 52d4512296984a44a8c8870c6494870fc7aeee2f
  FirebaseCoreExtension: be2d62bfcf339c7dd94646d43d910aaf37fe17c1
  FirebaseCoreInternal: 3b310521b34a51ce3a6c605e4618b9aef8f6c112
  FirebaseStorage: 27f85a11050be78601509cb450a12823dc9f5764
  Flutter: cabc95a1d2626b1b06e7179b784ebcf0c0cde467
  GoogleUtilities: 766ace00c6b10d8148408f329d10c4f051931850
  GTMSessionFetcher: a6d2b2aa203485893d4511ff64642dc811f7c09f

PODFILE CHECKSUM: 4b015915ec662986b54bf30ab778da63f7dda016

COCOAPODS: 1.16.2
